Microsoft Visual Studio Solution File, Format Version 12.00
# Visual Studio Version 17
VisualStudioVersion = 17.5.2.0
MinimumVisualStudioVersion = 10.0.40219.1
Project("{FAE04EC0-301F-11D3-BF4B-00C04F79EFBC}") = "Sir Answers-a-Lot", "Sir Answers-a-Lot.csproj", "{AC5FE9D9-362F-CEED-2DA5-34C90702DF79}"
EndProject
Global
	GlobalSection(SolutionConfigurationPlatforms) = preSolution
		Debug|Any CPU = Debug|Any CPU
		Release|Any CPU = Release|Any CPU
	EndGlobalSection
	GlobalSection(ProjectConfigurationPlatforms) = postSolution
		{AC5FE9D9-362F-CEED-2DA5-34C90702DF79}.Debug|Any CPU.ActiveCfg = Debug|Any CPU
		{AC5FE9D9-362F-CEED-2DA5-34C90702DF79}.Debug|Any CPU.Build.0 = Debug|Any CPU
		{AC5FE9D9-362F-CEED-2DA5-34C90702DF79}.Release|Any CPU.ActiveCfg = Release|Any CPU
		{AC5FE9D9-362F-CEED-2DA5-34C90702DF79}.Release|Any CPU.Build.0 = Release|Any CPU
	EndGlobalSection
	GlobalSection(SolutionProperties) = preSolution
		HideSolutionNode = FALSE
	EndGlobalSection
	GlobalSection(ExtensibilityGlobals) = postSolution
		SolutionGuid = {2401396D-FE31-435D-9D9A-380BC82C2C22}
	EndGlobalSection
EndGlobal
